// !$*UTF8*$!
{
	archiveVersion = 1;
	classes = {
	};
	objectVersion = 50;
	objects = {

/* Begin PBXBuildFile section */
		AF17DFF6225A16760065E9F0 /* AppDelegate.swift in Sources */ = {isa = PBXBuildFile; fileRef = AF17DFF5225A16760065E9F0 /* AppDelegate.swift */; };
		AF17DFF8225A16760065E9F0 /* ViewController.swift in Sources */ = {isa = PBXBuildFile; fileRef = AF17DFF7225A16760065E9F0 /* ViewController.swift */; };
		AF17DFFB225A16760065E9F0 /* Main.storyboard in Resources */ = {isa = PBXBuildFile; fileRef = AF17DFF9225A16760065E9F0 /* Main.storyboard */; };
		AF17DFFD225A16780065E9F0 /* Assets.xcassets in Resources */ = {isa = PBXBuildFile; fileRef = AF17DFFC225A16780065E9F0 /* Assets.xcassets */; };
		AF17E000225A16780065E9F0 /* LaunchScreen.storyboard in Resources */ = {isa = PBXBuildFile; fileRef = AF17DFFE225A16780065E9F0 /* LaunchScreen.storyboard */; };
		AF17E00B225A16780065E9F0 /* Guitar_02Tests.swift in Sources */ = {isa = PBXBuildFile; fileRef = AF17E00A225A16780065E9F0 /* Guitar_02Tests.swift */; };
		AF17E016225A16780065E9F0 /* Guitar_02UITests.swift in Sources */ = {isa = PBXBuildFile; fileRef = AF17E015225A16780065E9F0 /* Guitar_02UITests.swift */; };
/* End PBXBuildFile section */

/* Begin PBXContainerItemProxy section */
		AF17E007225A16780065E9F0 /* PBXContainerItemProxy */ = {
			isa = PBXContainerItemProxy;
			containerPortal = AF17DFEA225A16750065E9F0 /* Project object */;
			proxyType = 1;
			remoteGlobalIDString = AF17DFF1225A16760065E9F0;
			remoteInfo = Guitar_02;
		};
		AF17E012225A16780065E9F0 /* PBXContainerItemProxy */ = {
			isa = PBXContainerItemProxy;
			containerPortal = AF17DFEA225A16750065E9F0 /* Project object */;
			proxyType = 1;
			remoteGlobalIDString = AF17DFF1225A16760065E9F0;
			remoteInfo = Guitar_02;
		};
/* End PBXContainerItemProxy section */

/* Begin PBXFileReference section */
		AF17DFF2225A16760065E9F0 /* Guitar_02.app */ = {isa = PBXFileReference; explicitFileType = wrapper.application; includeInIndex = 0; path = Guitar_02.app; sourceTree = BUILT_PRODUCTS_DIR; };
		AF17DFF5225A16760065E9F0 /* AppDelegate.swift */ = {isa = PBXFileReference; lastKnownFileType = sourcecode.swift; path = AppDelegate.swift; sourceTree = "<group>"; };
		AF17DFF7225A16760065E9F0 /* ViewController.swift */ = {isa = PBXFileReference; lastKnownFileType = sourcecode.swift; path = ViewController.swift; sourceTree = "<group>"; };
		AF17DFFA225A16760065E9F0 /* Base */ = {isa = PBXFileReference; lastKnownFileType = file.storyboard; name = Base; path = Base.lproj/Main.storyboard; sourceTree = "<group>"; };
		AF17DFFC225A16780065E9F0 /* Assets.xcassets */ = {isa = PBXFileReference; lastKnownFileType = folder.assetcatalog; path = Assets.xcassets; sourceTree = "<group>"; };
		AF17DFFF225A16780065E9F0 /* Base */ = {isa = PBXFileReference; lastKnownFileType = file.storyboard; name = Base; path = Base.lproj/LaunchScreen.storyboard; sourceTree = "<group>"; };
		AF17E001225A16780065E9F0 /* Info.plist */ = {isa = PBXFileReference; lastKnownFileType = text.plist.xml; path = Info.plist; sourceTree = "<group>"; };
		AF17E006225A16780065E9F0 /* Guitar_02Tests.xctest */ = {isa = PBXFileReference; explicitFileType = wrapper.cfbundle; includeInIndex = 0; path = Guitar_02Tests.xctest; sourceTree = BUILT_PRODUCTS_DIR; };
		AF17E00A225A16780065E9F0 /* Guitar_02Tests.swift */ = {isa = PBXFileReference; lastKnownFileType = sourcecode.swift; path = Guitar_02Tests.swift; sourceTree = "<group>"; };
		AF17E00C225A16780065E9F0 /* Info.plist */ = {isa = PBXFileReference; lastKnownFileType = text.plist.xml; path = Info.plist; sourceTree = "<group>"; };
		AF17E011225A16780065E9F0 /* Guitar_02UITests.xctest */ = {isa = PBXFileReference; explicitFileType = wrapper.cfbundle; includeInIndex = 0; path = Guitar_02UITests.xctest; sourceTree = BUILT_PRODUCTS_DIR; };
		AF17E015225A16780065E9F0 /* Guitar_02UITests.swift */ = {isa = PBXFileReference; lastKnownFileType = sourcecode.swift; path = Guitar_02UITests.swift; sourceTree = "<group>"; };
		AF17E017225A16780065E9F0 /* Info.plist */ = {isa = PBXFileReference; lastKnownFileType = text.plist.xml; path = Info.plist; sourceTree = "<group>"; };
/* End PBXFileReference section */

/* Begin PBXFrameworksBuildPhase section */
		AF17DFEF225A16760065E9F0 /* Frameworks */ = {
			isa = PBXFrameworksBuildPhase;
			buildActionMask = 2147483647;
			files = (
			);
			runOnlyForDeploymentPostprocessing = 0;
		};
		AF17E003225A16780065E9F0 /* Frameworks */ = {
			isa = PBXFrameworksBuildPhase;
			buildActionMask = 2147483647;
			files = (
			);
			runOnlyForDeploymentPostprocessing = 0;
		};
		AF17E00E225A16780065E9F0 /* Frameworks */ = {
			isa = PBXFrameworksBuildPhase;
			buildActionMask = 2147483647;
			files = (
			);
			runOnlyForDeploymentPostprocessing = 0;
		};
/* End PBXFrameworksBuildPhase section */

/* Begin PBXGroup section */
		AF17DFE9225A16750065E9F0 = {
			isa = PBXGroup;
			children = (
				AF17DFF4225A16760065E9F0 /* Guitar_02 */,
				AF17E009225A16780065E9F0 /* Guitar_02Tests */,
				AF17E014225A16780065E9F0 /* Guitar_02UITests */,
				AF17DFF3225A16760065E9F0 /* Products */,
			);
			sourceTree = "<group>";
		};
		AF17DFF3225A16760065E9F0 /* Products */ = {
			isa = PBXGroup;
			children = (
				AF17DFF2225A16760065E9F0 /* Guitar_02.app */,
				AF17E006225A16780065E9F0 /* Guitar_02Tests.xctest */,
				AF17E011225A16780065E9F0 /* Guitar_02UITests.xctest */,
			);
			name = Products;
			sourceTree = "<group>";
		};
		AF17DFF4225A16760065E9F0 /* Guitar_02 */ = {
			isa = PBXGroup;
			children = (
				AF17DFF5225A16760065E9F0 /* AppDelegate.swift */,
				AF17DFF7225A16760065E9F0 /* ViewController.swift */,
				AF17DFF9225A16760065E9F0 /* Main.storyboard */,
				AF17DFFC225A16780065E9F0 /* Assets.xcassets */,
				AF17DFFE225A16780065E9F0 /* LaunchScreen.storyboard */,
				AF17E001225A16780065E9F0 /* Info.plist */,
			);
			path = Guitar_02;
			sourceTree = "<group>";
		};
		AF17E009225A16780065E9F0 /* Guitar_02Tests */ = {
			isa = PBXGroup;
			children = (
				AF17E00A225A16780065E9F0 /* Guitar_02Tests.swift */,
				AF17E00C225A16780065E9F0 /* Info.plist */,
			);
			path = Guitar_02Tests;
			sourceTree = "<group>";
		};
		AF17E014225A16780065E9F0 /* Guitar_02UITests */ = {
			isa = PBXGroup;
			children = (
				AF17E015225A16780065E9F0 /* Guitar_02UITests.swift */,
				AF17E017225A16780065E9F0 /* Info.plist */,
			);
			path = Guitar_02UITests;
			sourceTree = "<group>";
		};
/* End PBXGroup section */

/* Begin PBXNativeTarget section */
		AF17DFF1225A16760065E9F0 /* Guitar_02 */ = {
			isa = PBXNativeTarget;
			buildConfigurationList = AF17E01A225A16780065E9F0 /* Build configuration list for PBXNativeTarget "Guitar_02" */;
			buildPhases = (
				AF17DFEE225A16760065E9F0 /* Sources */,
				AF17DFEF225A16760065E9F0 /* Frameworks */,
				AF17DFF0225A16760065E9F0 /* Resources */,
			);
			buildRules = (
			);
			dependencies = (
			);
			name = Guitar_02;
			productName = Guitar_02;
			productReference = AF17DFF2225A16760065E9F0 /* Guitar_02.app */;
			productType = "com.apple.product-type.application";
		};
		AF17E005225A16780065E9F0 /* Guitar_02Tests */ = {
			isa = PBXNativeTarget;
			buildConfigurationList = AF17E01D225A16780065E9F0 /* Build configuration list for PBXNativeTarget "Guitar_02Tests" */;
			buildPhases = (
				AF17E002225A16780065E9F0 /* Sources */,
				AF17E003225A16780065E9F0 /* Frameworks */,
				AF17E004225A16780065E9F0 /* Resources */,
			);
			buildRules = (
			);
			dependencies = (
				AF17E008225A16780065E9F0 /* PBXTargetDependency */,
			);
			name = Guitar_02Tests;
			productName = Guitar_02Tests;
			productReference = AF17E006225A16780065E9F0 /* Guitar_02Tests.xctest */;
			productType = "com.apple.product-type.bundle.unit-test";
		};
		AF17E010225A16780065E9F0 /* Guitar_02UITests */ = {
			isa = PBXNativeTarget;
			buildConfigurationList = AF17E020225A16780065E9F0 /* Build configuration list for PBXNativeTarget "Guitar_02UITests" */;
			buildPhases = (
				AF17E00D225A16780065E9F0 /* Sources */,
				AF17E00E225A16780065E9F0 /* Frameworks */,
				AF17E00F225A16780065E9F0 /* Resources */,
			);
			buildRules = (
			);
			dependencies = (
				AF17E013225A16780065E9F0 /* PBXTargetDependency */,
			);
			name = Guitar_02UITests;
			productName = Guitar_02UITests;
			productReference = AF17E011225A16780065E9F0 /* Guitar_02UITests.xctest */;
			productType = "com.apple.product-type.bundle.ui-testing";
		};
/* End PBXNativeTarget section */

/* Begin PBXProject section */
		AF17DFEA225A16750065E9F0 /* Project object */ = {
			isa = PBXProject;
			attributes = {
				LastSwiftUpdateCheck = 1010;
				LastUpgradeCheck = 1010;
				ORGANIZATIONNAME = "Jibran Haider";
				TargetAttributes = {
					AF17DFF1225A16760065E9F0 = {
						CreatedOnToolsVersion = 10.1;
					};
					AF17E005225A16780065E9F0 = {
						CreatedOnToolsVersion = 10.1;
						TestTargetID = AF17DFF1225A16760065E9F0;
					};
					AF17E010225A16780065E9F0 = {
						CreatedOnToolsVersion = 10.1;
						TestTargetID = AF17DFF1225A16760065E9F0;
					};
				};
			};
			buildConfigurationList = AF17DFED225A16750065E9F0 /* Build configuration list for PBXProject "Guitar_02" */;
			compatibilityVersion = "Xcode 9.3";
			developmentRegion = en;
			hasScannedForEncodings = 0;
			knownRegions = (
				en,
				Base,
			);
			mainGroup = AF17DFE9225A16750065E9F0;
			productRefGroup = AF17DFF3225A16760065E9F0 /* Products */;
			projectDirPath = "";
			projectRoot = "";
			targets = (
				AF17DFF1225A16760065E9F0 /* Guitar_02 */,
				AF17E005225A16780065E9F0 /* Guitar_02Tests */,
				AF17E010225A16780065E9F0 /* Guitar_02UITests */,
			);
		};
/* End PBXProject section */

/* Begin PBXResourcesBuildPhase section */
		AF17DFF0225A16760065E9F0 /* Resources */ = {
			isa = PBXResourcesBuildPhase;
			buildActionMask = 2147483647;
			files = (
				AF17E000225A16780065E9F0 /* LaunchScreen.storyboard in Resources */,
				AF17DFFD225A16780065E9F0 /* Assets.xcassets in Resources */,
				AF17DFFB225A16760065E9F0 /* Main.storyboard in Resources */,
			);
			runOnlyForDeploymentPostprocessing = 0;
		};
		AF17E004225A16780065E9F0 /* Resources */ = {
			isa = PBXResourcesBuildPhase;
			buildActionMask = 2147483647;
			files = (
			);
			runOnlyForDeploymentPostprocessing = 0;
		};
		AF17E00F225A16780065E9F0 /* Resources */ = {
			isa = PBXResourcesBuildPhase;
			buildActionMask = 2147483647;
			files = (
			);
			runOnlyForDeploymentPostprocessing = 0;
		};
/* End PBXResourcesBuildPhase section */

/* Begin PBXSourcesBuildPhase section */
		AF17DFEE225A16760065E9F0 /* Sources */ = {
			isa = PBXSourcesBuildPhase;
			buildActionMask = 2147483647;
			files = (
				AF17DFF8225A16760065E9F0 /* ViewController.swift in Sources */,
				AF17DFF6225A16760065E9F0 /* AppDelegate.swift in Sources */,
			);
			runOnlyForDeploymentPostprocessing = 0;
		};
		AF17E002225A16780065E9F0 /* Sources */ = {
			isa = PBXSourcesBuildPhase;
			buildActionMask = 2147483647;
			files = (
				AF17E00B225A16780065E9F0 /* Guitar_02Tests.swift in Sources */,
			);
			runOnlyForDeploymentPostprocessing = 0;
		};
		AF17E00D225A16780065E9F0 /* Sources */ = {
			isa = PBXSourcesBuildPhase;
			buildActionMask = 2147483647;
			files = (
				AF17E016225A16780065E9F0 /* Guitar_02UITests.swift in Sources */,
			);
			runOnlyForDeploymentPostprocessing = 0;
		};
/* End PBXSourcesBuildPhase section */

/* Begin PBXTargetDependency section */
		AF17E008225A16780065E9F0 /* PBXTargetDependency */ = {
			isa = PBXTargetDependency;
			target = AF17DFF1225A16760065E9F0 /* Guitar_02 */;
			targetProxy = AF17E007225A16780065E9F0 /* PBXContainerItemProxy */;
		};
		AF17E013225A16780065E9F0 /* PBXTargetDependency */ = {
			isa = PBXTargetDependency;
			target = AF17DFF1225A16760065E9F0 /* Guitar_02 */;
			targetProxy = AF17E012225A16780065E9F0 /* PBXContainerItemProxy */;
		};
/* End PBXTargetDependency section */

/* Begin PBXVariantGroup section */
		AF17DFF9225A16760065E9F0 /* Main.storyboard */ = {
			isa = PBXVariantGroup;
			children = (
				AF17DFFA225A16760065E9F0 /* Base */,
			);
			name = Main.storyboard;
			sourceTree = "<group>";
		};
		AF17DFFE225A16780065E9F0 /* LaunchScreen.storyboard */ = {
			isa = PBXVariantGroup;
			children = (
				AF17DFFF225A16780065E9F0 /* Base */,
			);
			name = LaunchScreen.storyboard;
			sourceTree = "<group>";
		};
/* End PBXVariantGroup section */

/* Begin XCBuildConfiguration section */
		AF17E018225A16780065E9F0 /* Debug */ = {
			isa = XCBuildConfiguration;
			buildSettings = {
				ALWAYS_SEARCH_USER_PATHS = NO;
				CLANG_ANALYZER_NONNULL = YES;
				CLANG_ANALYZER_NUMBER_OBJECT_CONVERSION = YES_AGGRESSIVE;
				CLANG_CXX_LANGUAGE_STANDARD = "gnu++14";
				CLANG_CXX_LIBRARY = "libc++";
				CLANG_ENABLE_MODULES = YES;
				CLANG_ENABLE_OBJC_ARC = YES;
				CLANG_ENABLE_OBJC_WEAK = YES;
				CLANG_WARN_BLOCK_CAPTURE_AUTORELEASING = YES;
				CLANG_WARN_BOOL_CONVERSION = YES;
				CLANG_WARN_COMMA = YES;
				CLANG_WARN_CONSTANT_CONVERSION = YES;
				CLANG_WARN_DEPRECATED_OBJC_IMPLEMENTATIONS = YES;
				CLANG_WARN_DIRECT_OBJC_ISA_USAGE = YES_ERROR;
				CLANG_WARN_DOCUMENTATION_COMMENTS = YES;
				CLANG_WARN_EMPTY_BODY = YES;
				CLANG_WARN_ENUM_CONVERSION = YES;
				CLANG_WARN_INFINITE_RECURSION = YES;
				CLANG_WARN_INT_CONVERSION = YES;
				CLANG_WARN_NON_LITERAL_NULL_CONVERSION = YES;
				CLANG_WARN_OBJC_IMPLICIT_RETAIN_SELF = YES;
				CLANG_WARN_OBJC_LITERAL_CONVERSION = YES;
				CLANG_WARN_OBJC_ROOT_CLASS = YES_ERROR;
				CLANG_WARN_RANGE_LOOP_ANALYSIS = YES;
				CLANG_WARN_STRICT_PROTOTYPES = YES;
				CLANG_WARN_SUSPICIOUS_MOVE = YES;
				CLANG_WARN_UNGUARDED_AVAILABILITY = YES_AGGRESSIVE;
				CLANG_WARN_UNREACHABLE_CODE = YES;
				CLANG_WARN__DUPLICATE_METHOD_MATCH = YES;
				CODE_SIGN_IDENTITY = "iPhone Developer";
				COPY_PHASE_STRIP = NO;
				DEBUG_INFORMATION_FORMAT = dwarf;
				ENABLE_STRICT_OBJC_MSGSEND = YES;
				ENABLE_TESTABILITY = YES;
				GCC_C_LANGUAGE_STANDARD = gnu11;
				GCC_DYNAMIC_NO_PIC = NO;
				GCC_NO_COMMON_BLOCKS = YES;
				GCC_OPTIMIZATION_LEVEL = 0;
				GCC_PREPROCESSOR_DEFINITIONS = (
					"DEBUG=1",
					"$(inherited)",
				);
				GCC_WARN_64_TO_32_BIT_CONVERSION = YES;
				GCC_WARN_ABOUT_RETURN_TYPE = YES_ERROR;
				GCC_WARN_UNDECLARED_SELECTOR = YES;
				GCC_WARN_UNINITIALIZED_AUTOS = YES_AGGRESSIVE;
				GCC_WARN_UNUSED_FUNCTION = YES;
				GCC_WARN_UNUSED_VARIABLE = YES;
				IPHONEOS_DEPLOYMENT_TARGET = 12.1;
				MTL_ENABLE_DEBUG_INFO = INCLUDE_SOURCE;
				MTL_FAST_MATH = YES;
				ONLY_ACTIVE_ARCH = YES;
				SDKROOT = iphoneos;
				SWIFT_ACTIVE_COMPILATION_CONDITIONS = DEBUG;
				SWIFT_OPTIMIZATION_LEVEL = "-Onone";
			};
			name = Debug;
		};
		AF17E019225A16780065E9F0 /* Release */ = {
			isa = XCBuildConfiguration;
			buildSettings = {
				ALWAYS_SEARCH_USER_PATHS = NO;
				CLANG_ANALYZER_NONNULL = YES;
				CLANG_ANALYZER_NUMBER_OBJECT_CONVERSION = YES_AGGRESSIVE;
				CLANG_CXX_LANGUAGE_STANDARD = "gnu++14";
				CLANG_CXX_LIBRARY = "libc++";
				CLANG_ENABLE_MODULES = YES;
				CLANG_ENABLE_OBJC_ARC = YES;
				CLANG_ENABLE_OBJC_WEAK = YES;
				CLANG_WARN_BLOCK_CAPTURE_AUTORELEASING = YES;
				CLANG_WARN_BOOL_CONVERSION = YES;
				CLANG_WARN_COMMA = YES;
				CLANG_WARN_CONSTANT_CONVERSION = YES;
				CLANG_WARN_DEPRECATED_OBJC_IMPLEMENTATIONS = YES;
				CLANG_WARN_DIRECT_OBJC_ISA_USAGE = YES_ERROR;
				CLANG_WARN_DOCUMENTATION_COMMENTS = YES;
				CLANG_WARN_EMPTY_BODY = YES;
				CLANG_WARN_ENUM_CONVERSION = YES;
				CLANG_WARN_INFINITE_RECURSION = YES;
				CLANG_WARN_INT_CONVERSION = YES;
				CLANG_WARN_NON_LITERAL_NULL_CONVERSION = YES;
				CLANG_WARN_OBJC_IMPLICIT_RETAIN_SELF = YES;
				CLANG_WARN_OBJC_LITERAL_CONVERSION = YES;
				CLANG_WARN_OBJC_ROOT_CLASS = YES_ERROR;
				CLANG_WARN_RANGE_LOOP_ANALYSIS = YES;
				CLANG_WARN_STRICT_PROTOTYPES = YES;
				CLANG_WARN_SUSPICIOUS_MOVE = YES;
				CLANG_WARN_UNGUARDED_AVAILABILITY = YES_AGGRESSIVE;
				CLANG_WARN_UNREACHABLE_CODE = YES;
				CLANG_WARN__DUPLICATE_METHOD_MATCH = YES;
				CODE_SIGN_IDENTITY = "iPhone Developer";
				COPY_PHASE_STRIP = NO;
				DEBUG_INFORMATION_FORMAT = "dwarf-with-dsym";
				ENABLE_NS_ASSERTIONS = NO;
				ENABLE_STRICT_OBJC_MSGSEND = YES;
				GCC_C_LANGUAGE_STANDARD = gnu11;
				GCC_NO_COMMON_BLOCKS = YES;
				GCC_WARN_64_TO_32_BIT_CONVERSION = YES;
				GCC_WARN_ABOUT_RETURN_TYPE = YES_ERROR;
				GCC_WARN_UNDECLARED_SELECTOR = YES;
				GCC_WARN_UNINITIALIZED_AUTOS = YES_AGGRESSIVE;
				GCC_WARN_UNUSED_FUNCTION = YES;
				GCC_WARN_UNUSED_VARIABLE = YES;
				IPHONEOS_DEPLOYMENT_TARGET = 12.1;
				MTL_ENABLE_DEBUG_INFO = NO;
				MTL_FAST_MATH = YES;
				SDKROOT = iphoneos;
				SWIFT_COMPILATION_MODE = wholemodule;
				SWIFT_OPTIMIZATION_LEVEL = "-O";
				VALIDATE_PRODUCT = YES;
			};
			name = Release;
		};
		AF17E01B225A16780065E9F0 /* Debug */ = {
			isa = XCBuildConfiguration;
			buildSettings = {
				ASSETCATALOG_COMPILER_APPICON_NAME = AppIcon;
				CODE_SIGN_STYLE = Automatic;
				INFOPLIST_FILE = Guitar_02/Info.plist;
				LD_RUNPATH_SEARCH_PATHS = (
					"$(inherited)",
					"@executable_path/Frameworks",
				);
				PRODUCT_BUNDLE_IDENTIFIER = "xyz.Guitar-02";
				PRODUCT_NAME = "$(TARGET_NAME)";
				SWIFT_VERSION = 4.2;
				TARGETED_DEVICE_FAMILY = "1,2";
			};
			name = Debug;
		};
		AF17E01C225A16780065E9F0 /* Release */ = {
			isa = XCBuildConfiguration;
			buildSettings = {
				ASSETCATALOG_COMPILER_APPICON_NAME = AppIcon;
				CODE_SIGN_STYLE = Automatic;
				INFOPLIST_FILE = Guitar_02/Info.plist;
				LD_RUNPATH_SEARCH_PATHS = (
					"$(inherited)",
					"@executable_path/Frameworks",
				);
				PRODUCT_BUNDLE_IDENTIFIER = "xyz.Guitar-02";
				PRODUCT_NAME = "$(TARGET_NAME)";
				SWIFT_VERSION = 4.2;
				TARGETED_DEVICE_FAMILY = "1,2";
			};
			name = Release;
		};
		AF17E01E225A16780065E9F0 /* Debug */ = {
			isa = XCBuildConfiguration;
			buildSettings = {
				ALWAYS_EMBED_SWIFT_STANDARD_LIBRARIES = YES;
				BUNDLE_LOADER = "$(TEST_HOST)";
				CODE_SIGN_STYLE = Automatic;
				INFOPLIST_FILE = Guitar_02Tests/Info.plist;
				LD_RUNPATH_SEARCH_PATHS = (
					"$(inherited)",
					"@executable_path/Frameworks",
					"@loader_path/Frameworks",
				);
				PRODUCT_BUNDLE_IDENTIFIER = "xyz.Guitar-02Tests";
				PRODUCT_NAME = "$(TARGET_NAME)";
				SWIFT_VERSION = 4.2;
				TARGETED_DEVICE_FAMILY = "1,2";
				TEST_HOST = "$(BUILT_PRODUCTS_DIR)/Guitar_02.app/Guitar_02";
			};
			name = Debug;
		};
		AF17E01F225A16780065E9F0 /* Release */ = {
			isa = XCBuildConfiguration;
			buildSettings = {
				ALWAYS_EMBED_SWIFT_STANDARD_LIBRARIES = YES;
				BUNDLE_LOADER = "$(TEST_HOST)";
				CODE_SIGN_STYLE = Automatic;
				INFOPLIST_FILE = Guitar_02Tests/Info.plist;
				LD_RUNPATH_SEARCH_PATHS = (
					"$(inherited)",
					"@executable_path/Frameworks",
					"@loader_path/Frameworks",
				);
				PRODUCT_BUNDLE_IDENTIFIER = "xyz.Guitar-02Tests";
				PRODUCT_NAME = "$(TARGET_NAME)";
				SWIFT_VERSION = 4.2;
				TARGETED_DEVICE_FAMILY = "1,2";
				TEST_HOST = "$(BUILT_PRODUCTS_DIR)/Guitar_02.app/Guitar_02";
			};
			name = Release;
		};
		AF17E021225A16780065E9F0 /* Debug */ = {
			isa = XCBuildConfiguration;
			buildSettings = {
				ALWAYS_EMBED_SWIFT_STANDARD_LIBRARIES = YES;
				CODE_SIGN_STYLE = Automatic;
				INFOPLIST_FILE = Guitar_02UITests/Info.plist;
				LD_RUNPATH_SEARCH_PATHS = (
					"$(inherited)",
					"@executable_path/Frameworks",
					"@loader_path/Frameworks",
				);
				PRODUCT_BUNDLE_IDENTIFIER = "xyz.Guitar-02UITests";
				PRODUCT_NAME = "$(TARGET_NAME)";
				SWIFT_VERSION = 4.2;
				TARGETED_DEVICE_FAMILY = "1,2";
				TEST_TARGET_NAME = Guitar_02;
			};
			name = Debug;
		};
		AF17E022225A16780065E9F0 /* Release */ = {
			isa = XCBuildConfiguration;
			buildSettings = {
				ALWAYS_EMBED_SWIFT_STANDARD_LIBRARIES = YES;
				CODE_SIGN_STYLE = Automatic;
				INFOPLIST_FILE = Guitar_02UITests/Info.plist;
				LD_RUNPATH_SEARCH_PATHS = (
					"$(inherited)",
					"@executable_path/Frameworks",
					"@loader_path/Frameworks",
				);
				PRODUCT_BUNDLE_IDENTIFIER = "xyz.Guitar-02UITests";
				PRODUCT_NAME = "$(TARGET_NAME)";
				SWIFT_VERSION = 4.2;
				TARGETED_DEVICE_FAMILY = "1,2";
				TEST_TARGET_NAME = Guitar_02;
			};
			name = Release;
		};
/* End XCBuildConfiguration section */

/* Begin XCConfigurationList section */
		AF17DFED225A16750065E9F0 /* Build configuration list for PBXProject "Guitar_02" */ = {
			isa = XCConfigurationList;
			buildConfigurations = (
				AF17E018225A16780065E9F0 /* Debug */,
				AF17E019225A16780065E9F0 /* Release */,
			);
			defaultConfigurationIsVisible = 0;
			defaultConfigurationName = Release;
		};
		AF17E01A225A16780065E9F0 /* Build configuration list for PBXNativeTarget "Guitar_02" */ = {
			isa = XCConfigurationList;
			buildConfigurations = (
				AF17E01B225A16780065E9F0 /* Debug */,
				AF17E01C225A16780065E9F0 /* Release */,
			);
			defaultConfigurationIsVisible = 0;
			defaultConfigurationName = Release;
		};
		AF17E01D225A16780065E9F0 /* Build configuration list for PBXNativeTarget "Guitar_02Tests" */ = {
			isa = XCConfigurationList;
			buildConfigurations = (
				AF17E01E225A16780065E9F0 /* Debug */,
				AF17E01F225A16780065E9F0 /* Release */,
			);
			defaultConfigurationIsVisible = 0;
			defaultConfigurationName = Release;
		};
		AF17E020225A16780065E9F0 /* Build configuration list for PBXNativeTarget "Guitar_02UITests" */ = {
			isa = XCConfigurationList;
			buildConfigurations = (
				AF17E021225A16780065E9F0 /* Debug */,
				AF17E022225A16780065E9F0 /* Release */,
			);
			defaultConfigurationIsVisible = 0;
			defaultConfigurationName = Release;
		};
/* End XCConfigurationList section */
	};
	rootObject = AF17DFEA225A16750065E9F0 /* Project object */;
}
